{
    "version": 3,
    "terraform_version": "0.11.13",
    "serial": 46,
    "lineage": "19b5e144-1f8e-9300-e7a7-844af9985397",
    "modules": [
        {
            "path": [
                "root"
            ],
            "outputs": {},
            "resources": {
                "aws_alb.mh-dev-was-alb": {
                    "type": "aws_alb",
                    "depends_on": [
                        "aws_security_group.mh-DEV-WAS-ALB-SG",
                        "aws_subnet.privateWeb01a",
                        "aws_subnet.privateWeb02c"
                    ],
                    "primary": {
                        "id": "arn:aws:elasticloadbalancing:ap-northeast-2:270881836940:loadbalancer/app/dev-was-alb/736af76ecab6be01",
                        "attributes": {
                            "access_logs.#": "1",
                            "access_logs.0.bucket": "",
                            "access_logs.0.enabled": "false",
                            "access_logs.0.prefix": "",
                            "arn": "arn:aws:elasticloadbalancing:ap-northeast-2:270881836940:loadbalancer/app/dev-was-alb/736af76ecab6be01",
                            "arn_suffix": "app/dev-was-alb/736af76ecab6be01",
                            "dns_name": "internal-dev-was-alb-364991399.ap-northeast-2.elb.amazonaws.com",
                            "enable_deletion_protection": "false",
                            "enable_http2": "true",
                            "id": "arn:aws:elasticloadbalancing:ap-northeast-2:270881836940:loadbalancer/app/dev-was-alb/736af76ecab6be01",
                            "idle_timeout": "60",
                            "internal": "true",
                            "ip_address_type": "ipv4",
                            "load_balancer_type": "application",
                            "name": "dev-was-alb",
                            "security_groups.#": "1",
                            "security_groups.1571974246": "sg-0122822335a6cbd4e",
                            "subnet_mapping.#": "2",
                            "subnet_mapping.2453226959.allocation_id": "",
                            "subnet_mapping.2453226959.subnet_id": "subnet-071dabe9354458b25",
                            "subnet_mapping.3235286653.allocation_id": "",
                            "subnet_mapping.3235286653.subnet_id": "subnet-0e6bdf04ca7251768",
                            "subnets.#": "2",
                            "subnets.1669898356": "subnet-0e6bdf04ca7251768",
                            "subnets.3835765959": "subnet-071dabe9354458b25",
                            "tags.%": "1",
                            "tags.Name": "dev-was-alb",
                            "vpc_id": "vpc-07ee17a7e45c527e7",
                            "zone_id": "ZWKZPGTI48KDX"
                        },
                        "meta": {
                            "e2bfb730-ecaa-11e6-8f88-34363bc7c4c0": {
                                "create": 600000000000,
                                "delete": 600000000000,
                                "update": 600000000000
                            }
                        },
                        "tainted": false
                    },
                    "deposed": [],
                    "provider": "provider.aws"
                },
                "aws_alb.mh-dev-web-alb": {
                    "type": "aws_alb",
                    "depends_on": [
                        "aws_security_group.mh-DEV-WEB-ALB-SG",
                        "aws_subnet.public01a",
                        "aws_subnet.public02c"
                    ],
                    "primary": {
                        "id": "arn:aws:elasticloadbalancing:ap-northeast-2:270881836940:loadbalancer/app/dev-web-alb/58070d4b96900ac3",
                        "attributes": {
                            "access_logs.#": "1",
                            "access_logs.0.bucket": "",
                            "access_logs.0.enabled": "false",
                            "access_logs.0.prefix": "",
                            "arn": "arn:aws:elasticloadbalancing:ap-northeast-2:270881836940:loadbalancer/app/dev-web-alb/58070d4b96900ac3",
                            "arn_suffix": "app/dev-web-alb/58070d4b96900ac3",
                            "dns_name": "dev-web-alb-978499525.ap-northeast-2.elb.amazonaws.com",
                            "enable_deletion_protection": "false",
                            "enable_http2": "true",
                            "id": "arn:aws:elasticloadbalancing:ap-northeast-2:270881836940:loadbalancer/app/dev-web-alb/58070d4b96900ac3",
                            "idle_timeout": "60",
                            "internal": "false",
                            "ip_address_type": "ipv4",
                            "load_balancer_type": "application",
                            "name": "dev-web-alb",
                            "security_groups.#": "1",
                            "security_groups.2250628221": "sg-042eca3c1bb96d26e",
                            "subnet_mapping.#": "2",
                            "subnet_mapping.1940815496.allocation_id": "",
                            "subnet_mapping.1940815496.subnet_id": "subnet-088bf65016a262131",
                            "subnet_mapping.3113770049.allocation_id": "",
                            "subnet_mapping.3113770049.subnet_id": "subnet-05c226700cb1c7525",
                            "subnets.#": "2",
                            "subnets.2097314700": "subnet-088bf65016a262131",
                            "subnets.4058134653": "subnet-05c226700cb1c7525",
                            "tags.%": "1",
                            "tags.Name": "dev-web-alb",
                            "vpc_id": "vpc-07ee17a7e45c527e7",
                            "zone_id": "ZWKZPGTI48KDX"
                        },
                        "meta": {
                            "e2bfb730-ecaa-11e6-8f88-34363bc7c4c0": {
                                "create": 600000000000,
                                "delete": 600000000000,
                                "update": 600000000000
                            }
                        },
                        "tainted": false
                    },
                    "deposed": [],
                    "provider": "provider.aws"
                },
                "aws_alb_listener.http": {
                    "type": "aws_alb_listener",
                    "depends_on": [
                        "aws_alb.mh-dev-web-alb",
                        "aws_alb_target_group.mh-dev-web-alb-tg"
                    ],
                    "primary": {
                        "id": "arn:aws:elasticloadbalancing:ap-northeast-2:270881836940:listener/app/dev-web-alb/58070d4b96900ac3/2137f34f7117a413",
                        "attributes": {
                            "arn": "arn:aws:elasticloadbalancing:ap-northeast-2:270881836940:listener/app/dev-web-alb/58070d4b96900ac3/2137f34f7117a413",
                            "default_action.#": "1",
                            "default_action.0.authenticate_cognito.#": "0",
                            "default_action.0.authenticate_oidc.#": "0",
                            "default_action.0.fixed_response.#": "0",
                            "default_action.0.order": "1",
                            "default_action.0.redirect.#": "0",
                            "default_action.0.target_group_arn": "arn:aws:elasticloadbalancing:ap-northeast-2:270881836940:targetgroup/dev-web-alb-tg/5cddc376c5a0b12e",
                            "default_action.0.type": "forward",
                            "id": "arn:aws:elasticloadbalancing:ap-northeast-2:270881836940:listener/app/dev-web-alb/58070d4b96900ac3/2137f34f7117a413",
                            "load_balancer_arn": "arn:aws:elasticloadbalancing:ap-northeast-2:270881836940:loadbalancer/app/dev-web-alb/58070d4b96900ac3",
                            "port": "80",
                            "protocol": "HTTP",
                            "ssl_policy": ""
                        },
                        "meta": {
                            "e2bfb730-ecaa-11e6-8f88-34363bc7c4c0": {
                                "read": 600000000000
                            }
                        },
                        "tainted": false
                    },
                    "deposed": [],
                    "provider": "provider.aws"
                },
                "aws_alb_listener.tomcat8009": {
                    "type": "aws_alb_listener",
                    "depends_on": [
                        "aws_alb.mh-dev-was-alb",
                        "aws_alb_target_group.mh-dev-was-alb-tg"
                    ],
                    "primary": {
                        "id": "arn:aws:elasticloadbalancing:ap-northeast-2:270881836940:listener/app/dev-was-alb/736af76ecab6be01/f6fc60cc883e3034",
                        "attributes": {
                            "arn": "arn:aws:elasticloadbalancing:ap-northeast-2:270881836940:listener/app/dev-was-alb/736af76ecab6be01/f6fc60cc883e3034",
                            "default_action.#": "1",
                            "default_action.0.authenticate_cognito.#": "0",
                            "default_action.0.authenticate_oidc.#": "0",
                            "default_action.0.fixed_response.#": "0",
                            "default_action.0.order": "1",
                            "default_action.0.redirect.#": "0",
                            "default_action.0.target_group_arn": "arn:aws:elasticloadbalancing:ap-northeast-2:270881836940:targetgroup/dev-was-alb-tg/7fb7a8c8c4e94294",
                            "default_action.0.type": "forward",
                            "id": "arn:aws:elasticloadbalancing:ap-northeast-2:270881836940:listener/app/dev-was-alb/736af76ecab6be01/f6fc60cc883e3034",
                            "load_balancer_arn": "arn:aws:elasticloadbalancing:ap-northeast-2:270881836940:loadbalancer/app/dev-was-alb/736af76ecab6be01",
                            "port": "8009",
                            "protocol": "HTTP",
                            "ssl_policy": ""
                        },
                        "meta": {
                            "e2bfb730-ecaa-11e6-8f88-34363bc7c4c0": {
                                "read": 600000000000
                            }
                        },
                        "tainted": false
                    },
                    "deposed": [],
                    "provider": "provider.aws"
                },
                "aws_alb_listener.tomcat8080": {
                    "type": "aws_alb_listener",
                    "depends_on": [
                        "aws_alb.mh-dev-was-alb",
                        "aws_alb_target_group.mh-dev-was-alb-tg"
                    ],
                    "primary": {
                        "id": "arn:aws:elasticloadbalancing:ap-northeast-2:270881836940:listener/app/dev-was-alb/736af76ecab6be01/c03dff97accacbac",
                        "attributes": {
                            "arn": "arn:aws:elasticloadbalancing:ap-northeast-2:270881836940:listener/app/dev-was-alb/736af76ecab6be01/c03dff97accacbac",
                            "default_action.#": "1",
                            "default_action.0.authenticate_cognito.#": "0",
                            "default_action.0.authenticate_oidc.#": "0",
                            "default_action.0.fixed_response.#": "0",
                            "default_action.0.order": "1",
                            "default_action.0.redirect.#": "0",
                            "default_action.0.target_group_arn": "arn:aws:elasticloadbalancing:ap-northeast-2:270881836940:targetgroup/dev-was-alb-tg/7fb7a8c8c4e94294",
                            "default_action.0.type": "forward",
                            "id": "arn:aws:elasticloadbalancing:ap-northeast-2:270881836940:listener/app/dev-was-alb/736af76ecab6be01/c03dff97accacbac",
                            "load_balancer_arn": "arn:aws:elasticloadbalancing:ap-northeast-2:270881836940:loadbalancer/app/dev-was-alb/736af76ecab6be01",
                            "port": "8080",
                            "protocol": "HTTP",
                            "ssl_policy": ""
                        },
                        "meta": {
                            "e2bfb730-ecaa-11e6-8f88-34363bc7c4c0": {
                                "read": 600000000000
                            }
                        },
                        "tainted": false
                    },
                    "deposed": [],
                    "provider": "provider.aws"
                },
                "aws_alb_target_group.mh-dev-was-alb-tg": {
                    "type": "aws_alb_target_group",
                    "depends_on": [
                        "aws_vpc.dev"
                    ],
                    "primary": {
                        "id": "arn:aws:elasticloadbalancing:ap-northeast-2:270881836940:targetgroup/dev-was-alb-tg/7fb7a8c8c4e94294",
                        "attributes": {
                            "arn": "arn:aws:elasticloadbalancing:ap-northeast-2:270881836940:targetgroup/dev-was-alb-tg/7fb7a8c8c4e94294",
                            "arn_suffix": "targetgroup/dev-was-alb-tg/7fb7a8c8c4e94294",
                            "deregistration_delay": "300",
                            "health_check.#": "1",
                            "health_check.0.enabled": "true",
                            "health_check.0.healthy_threshold": "3",
                            "health_check.0.interval": "30",
                            "health_check.0.matcher": "200",
                            "health_check.0.path": "/",
                            "health_check.0.port": "traffic-port",
                            "health_check.0.protocol": "HTTP",
                            "health_check.0.timeout": "5",
                            "health_check.0.unhealthy_threshold": "3",
                            "id": "arn:aws:elasticloadbalancing:ap-northeast-2:270881836940:targetgroup/dev-was-alb-tg/7fb7a8c8c4e94294",
                            "lambda_multi_value_headers_enabled": "false",
                            "name": "dev-was-alb-tg",
                            "port": "8080",
                            "protocol": "HTTP",
                            "proxy_protocol_v2": "false",
                            "slow_start": "0",
                            "stickiness.#": "1",
                            "stickiness.0.cookie_duration": "86400",
                            "stickiness.0.enabled": "false",
                            "stickiness.0.type": "lb_cookie",
                            "tags.%": "1",
                            "tags.Name": "dev-was-alb-tg",
                            "target_type": "instance",
                            "vpc_id": "vpc-07ee17a7e45c527e7"
                        },
                        "meta": {},
                        "tainted": false
                    },
                    "deposed": [],
                    "provider": "provider.aws"
                },
                "aws_alb_target_group.mh-dev-web-alb-tg": {
                    "type": "aws_alb_target_group",
                    "depends_on": [
                        "aws_vpc.dev"
                    ],
                    "primary": {
                        "id": "arn:aws:elasticloadbalancing:ap-northeast-2:270881836940:targetgroup/dev-web-alb-tg/5cddc376c5a0b12e",
                        "attributes": {
                            "arn": "arn:aws:elasticloadbalancing:ap-northeast-2:270881836940:targetgroup/dev-web-alb-tg/5cddc376c5a0b12e",
                            "arn_suffix": "targetgroup/dev-web-alb-tg/5cddc376c5a0b12e",
                            "deregistration_delay": "300",
                            "health_check.#": "1",
                            "health_check.0.enabled": "true",
                            "health_check.0.healthy_threshold": "3",
                            "health_check.0.interval": "30",
                            "health_check.0.matcher": "200",
                            "health_check.0.path": "/",
                            "health_check.0.port": "traffic-port",
                            "health_check.0.protocol": "HTTP",
                            "health_check.0.timeout": "5",
                            "health_check.0.unhealthy_threshold": "3",
                            "id": "arn:aws:elasticloadbalancing:ap-northeast-2:270881836940:targetgroup/dev-web-alb-tg/5cddc376c5a0b12e",
                            "lambda_multi_value_headers_enabled": "false",
                            "name": "dev-web-alb-tg",
                            "port": "80",
                            "protocol": "HTTP",
                            "proxy_protocol_v2": "false",
                            "slow_start": "0",
                            "stickiness.#": "1",
                            "stickiness.0.cookie_duration": "86400",
                            "stickiness.0.enabled": "false",
                            "stickiness.0.type": "lb_cookie",
                            "tags.%": "1",
                            "tags.Name": "dev-web-alb-tg",
                            "target_type": "instance",
                            "vpc_id": "vpc-07ee17a7e45c527e7"
                        },
                        "meta": {},
                        "tainted": false
                    },
                    "deposed": [],
                    "provider": "provider.aws"
                },
                "aws_alb_target_group_attachment.mh-dev-was-alb-tg-att": {
                    "type": "aws_alb_target_group_attachment",
                    "depends_on": [
                        "aws_alb_target_group.mh-dev-was-alb-tg",
                        "aws_instance.mh_DEV_WAS"
                    ],
                    "primary": {
                        "id": "arn:aws:elasticloadbalancing:ap-northeast-2:270881836940:targetgroup/dev-was-alb-tg/7fb7a8c8c4e94294-20191002011449243500000001",
                        "attributes": {
                            "id": "arn:aws:elasticloadbalancing:ap-northeast-2:270881836940:targetgroup/dev-was-alb-tg/7fb7a8c8c4e94294-20191002011449243500000001",
                            "port": "8080",
                            "target_group_arn": "arn:aws:elasticloadbalancing:ap-northeast-2:270881836940:targetgroup/dev-was-alb-tg/7fb7a8c8c4e94294",
                            "target_id": "i-03a6d0e3a22197be0"
                        },
                        "meta": {},
                        "tainted": false
                    },
                    "deposed": [],
                    "provider": "provider.aws"
                },
                "aws_alb_target_group_attachment.mh-dev-web-alb-tg-att": {
                    "type": "aws_alb_target_group_attachment",
                    "depends_on": [
                        "aws_alb_target_group.mh-dev-web-alb-tg",
                        "aws_instance.mh_DEV_WEB"
                    ],
                    "primary": {
                        "id": "arn:aws:elasticloadbalancing:ap-northeast-2:270881836940:targetgroup/dev-web-alb-tg/5cddc376c5a0b12e-20191002011449305300000002",
                        "attributes": {
                            "id": "arn:aws:elasticloadbalancing:ap-northeast-2:270881836940:targetgroup/dev-web-alb-tg/5cddc376c5a0b12e-20191002011449305300000002",
                            "port": "80",
                            "target_group_arn": "arn:aws:elasticloadbalancing:ap-northeast-2:270881836940:targetgroup/dev-web-alb-tg/5cddc376c5a0b12e",
                            "target_id": "i-03dd870b353b2d9f6"
                        },
                        "meta": {},
                        "tainted": false
                    },
                    "deposed": [],
                    "provider": "provider.aws"
                },
                "aws_db_subnet_group.dev-rds-subnet-group": {
                    "type": "aws_db_subnet_group",
                    "depends_on": [
                        "aws_subnet.data01a",
                        "aws_subnet.data02c"
                    ],
                    "primary": {
                        "id": "dev-rds-subnet-group",
                        "attributes": {
                            "arn": "arn:aws:rds:ap-northeast-2:270881836940:subgrp:dev-rds-subnet-group",
                            "description": "Managed by Terraform",
                            "id": "dev-rds-subnet-group",
                            "name": "dev-rds-subnet-group",
                            "subnet_ids.#": "2",
                            "subnet_ids.3293745153": "subnet-025e3f6b026ff0312",
                            "subnet_ids.844101164": "subnet-07d58d4f632db104a",
                            "tags.%": "1",
                            "tags.Name": "dev-rds-subnet-group"
                        },
                        "meta": {},
                        "tainted": false
                    },
                    "deposed": [],
                    "provider": "provider.aws"
                },
                "aws_eip.eip_dev_bastion": {
                    "type": "aws_eip",
                    "depends_on": [
                        "aws_network_interface.mh_DEV_Bastion_ENI"
                    ],
                    "primary": {
                        "id": "eipalloc-06dc44f8efbe38768",
                        "attributes": {
                            "associate_with_private_ip": "10.10.0.10",
                            "association_id": "eipassoc-0bab52eac67e46d8b",
                            "domain": "vpc",
                            "id": "eipalloc-06dc44f8efbe38768",
                            "instance": "",
                            "network_interface": "eni-0a04671da5e91bc41",
                            "private_dns": "ip-10-10-0-10.ap-northeast-2.compute.internal",
                            "private_ip": "10.10.0.10",
                            "public_dns": "ec2-13-209-93-73.ap-northeast-2.compute.amazonaws.com",
                            "public_ip": "13.209.93.73",
                            "public_ipv4_pool": "amazon",
                            "tags.%": "1",
                            "tags.Name": "dev_bastion_eip",
                            "vpc": "true"
                        },
                        "meta": {
                            "e2bfb730-ecaa-11e6-8f88-34363bc7c4c0": {
                                "delete": 180000000000,
                                "read": 900000000000,
                                "update": 300000000000
                            }
                        },
                        "tainted": false
                    },
                    "deposed": [],
                    "provider": "provider.aws"
                },
                "aws_eip.eip_nat": {
                    "type": "aws_eip",
                    "depends_on": [],
                    "primary": {
                        "id": "eipalloc-0970cfafba744c4d7",
                        "attributes": {
                            "association_id": "",
                            "domain": "vpc",
                            "id": "eipalloc-0970cfafba744c4d7",
                            "instance": "",
                            "network_interface": "",
                            "private_ip": "",
                            "public_dns": "ec2-13-209-214-249.ap-northeast-2.compute.amazonaws.com",
                            "public_ip": "13.209.214.249",
                            "public_ipv4_pool": "amazon",
                            "tags.%": "1",
                            "tags.Name": "dev_nat_eip",
                            "vpc": "true"
                        },
                        "meta": {
                            "e2bfb730-ecaa-11e6-8f88-34363bc7c4c0": {
                                "delete": 180000000000,
                                "read": 900000000000,
                                "update": 300000000000
                            }
                        },
                        "tainted": false
                    },
                    "deposed": [],
                    "provider": "provider.aws"
                },
                "aws_instance.mh_DEV_Bastion": {
                    "type": "aws_instance",
                    "depends_on": [
                        "aws_network_interface.mh_DEV_Bastion_ENI"
                    ],
                    "primary": {
                        "id": "i-0d99641de3422015e",
                        "attributes": {
                            "ami": "ami-0f953b501bea0bda8",
                            "arn": "arn:aws:ec2:ap-northeast-2:270881836940:instance/i-0d99641de3422015e",
                            "associate_public_ip_address": "true",
                            "availability_zone": "ap-northeast-2a",
                            "cpu_core_count": "1",
                            "cpu_threads_per_core": "2",
                            "credit_specification.#": "1",
                            "credit_specification.0.cpu_credits": "unlimited",
                            "disable_api_termination": "false",
                            "ebs_block_device.#": "0",
                            "ebs_optimized": "false",
                            "ephemeral_block_device.#": "0",
                            "get_password_data": "false",
                            "iam_instance_profile": "",
                            "id": "i-0d99641de3422015e",
                            "instance_state": "running",
                            "instance_type": "t3.medium",
                            "ipv6_address_count": "0",
                            "ipv6_addresses.#": "0",
                            "key_name": "mh-dev-seoul-key",
                            "monitoring": "false",
                            "network_interface.#": "1",
                            "network_interface.417388245.delete_on_termination": "false",
                            "network_interface.417388245.device_index": "0",
                            "network_interface.417388245.network_interface_id": "eni-0a04671da5e91bc41",
                            "password_data": "",
                            "placement_group": "",
                            "primary_network_interface_id": "eni-0a04671da5e91bc41",
                            "private_dns": "ip-10-10-0-10.ap-northeast-2.compute.internal",
                            "private_ip": "10.10.0.10",
                            "public_dns": "ec2-13-209-93-73.ap-northeast-2.compute.amazonaws.com",
                            "public_ip": "13.209.93.73",
                            "root_block_device.#": "1",
                            "root_block_device.0.delete_on_termination": "true",
                            "root_block_device.0.encrypted": "false",
                            "root_block_device.0.iops": "100",
                            "root_block_device.0.kms_key_id": "",
                            "root_block_device.0.volume_id": "vol-07956206f17b377b7",
                            "root_block_device.0.volume_size": "8",
                            "root_block_device.0.volume_type": "gp2",
                            "security_groups.#": "0",
                            "source_dest_check": "true",
                            "subnet_id": "subnet-088bf65016a262131",
                            "tags.%": "1",
                            "tags.Name": "mh_dev_bastion",
                            "tenancy": "default",
                            "volume_tags.%": "0",
                            "vpc_security_group_ids.#": "1",
                            "vpc_security_group_ids.2080635156": "sg-00131c73882845d2c"
                        },
                        "meta": {
                            "e2bfb730-ecaa-11e6-8f88-34363bc7c4c0": {
                                "create": 600000000000,
                                "delete": 1200000000000,
                                "update": 600000000000
                            },
                            "schema_version": "1"
                        },
                        "tainted": false
                    },
                    "deposed": [],
                    "provider": "provider.aws"
                },
                "aws_instance.mh_DEV_WAS": {
                    "type": "aws_instance",
                    "depends_on": [
                        "aws_network_interface.mh_DEV_WAS_ENI"
                    ],
                    "primary": {
                        "id": "i-03a6d0e3a22197be0",
                        "attributes": {
                            "ami": "ami-04517eaaa60365e5a",
                            "arn": "arn:aws:ec2:ap-northeast-2:270881836940:instance/i-03a6d0e3a22197be0",
                            "associate_public_ip_address": "false",
                            "availability_zone": "ap-northeast-2a",
                            "cpu_core_count": "1",
                            "cpu_threads_per_core": "2",
                            "credit_specification.#": "1",
                            "credit_specification.0.cpu_credits": "unlimited",
                            "disable_api_termination": "false",
                            "ebs_block_device.#": "0",
                            "ebs_optimized": "false",
                            "ephemeral_block_device.#": "0",
                            "get_password_data": "false",
                            "iam_instance_profile": "",
                            "id": "i-03a6d0e3a22197be0",
                            "instance_state": "running",
                            "instance_type": "t3.medium",
                            "ipv6_address_count": "0",
                            "ipv6_addresses.#": "0",
                            "key_name": "mh-dev-seoul-key",
                            "monitoring": "false",
                            "network_interface.#": "1",
                            "network_interface.1472202506.delete_on_termination": "false",
                            "network_interface.1472202506.device_index": "0",
                            "network_interface.1472202506.network_interface_id": "eni-0ae51cd6ff7289930",
                            "password_data": "",
                            "placement_group": "",
                            "primary_network_interface_id": "eni-0ae51cd6ff7289930",
                            "private_dns": "ip-10-10-2-10.ap-northeast-2.compute.internal",
                            "private_ip": "10.10.2.10",
                            "public_dns": "",
                            "public_ip": "",
                            "root_block_device.#": "1",
                            "root_block_device.0.delete_on_termination": "true",
                            "root_block_device.0.encrypted": "false",
                            "root_block_device.0.iops": "100",
                            "root_block_device.0.kms_key_id": "",
                            "root_block_device.0.volume_id": "vol-0b5080794e2b00d76",
                            "root_block_device.0.volume_size": "8",
                            "root_block_device.0.volume_type": "gp2",
                            "security_groups.#": "0",
                            "source_dest_check": "true",
                            "subnet_id": "subnet-06d95ab369ac4fc4e",
                            "tags.%": "1",
                            "tags.Name": "mh_dev_was",
                            "tenancy": "default",
                            "volume_tags.%": "0",
                            "vpc_security_group_ids.#": "1",
                            "vpc_security_group_ids.2876417294": "sg-02979229eedf8edc9"
                        },
                        "meta": {
                            "e2bfb730-ecaa-11e6-8f88-34363bc7c4c0": {
                                "create": 600000000000,
                                "delete": 1200000000000,
                                "update": 600000000000
                            },
                            "schema_version": "1"
                        },
                        "tainted": false
                    },
                    "deposed": [],
                    "provider": "provider.aws"
                },
                "aws_instance.mh_DEV_WEB": {
                    "type": "aws_instance",
                    "depends_on": [
                        "aws_network_interface.mh_DEV_WEB_ENI"
                    ],
                    "primary": {
                        "id": "i-03dd870b353b2d9f6",
                        "attributes": {
                            "ami": "ami-07aa775dcb7d20a30",
                            "arn": "arn:aws:ec2:ap-northeast-2:270881836940:instance/i-03dd870b353b2d9f6",
                            "associate_public_ip_address": "false",
                            "availability_zone": "ap-northeast-2a",
                            "cpu_core_count": "1",
                            "cpu_threads_per_core": "2",
                            "credit_specification.#": "1",
                            "credit_specification.0.cpu_credits": "unlimited",
                            "disable_api_termination": "false",
                            "ebs_block_device.#": "0",
                            "ebs_optimized": "false",
                            "ephemeral_block_device.#": "0",
                            "get_password_data": "false",
                            "iam_instance_profile": "",
                            "id": "i-03dd870b353b2d9f6",
                            "instance_state": "running",
                            "instance_type": "t3.medium",
                            "ipv6_address_count": "0",
                            "ipv6_addresses.#": "0",
                            "key_name": "mh-dev-seoul-key",
                            "monitoring": "false",
                            "network_interface.#": "1",
                            "network_interface.1038137834.delete_on_termination": "false",
                            "network_interface.1038137834.device_index": "0",
                            "network_interface.1038137834.network_interface_id": "eni-00d103dab73b3ac57",
                            "password_data": "",
                            "placement_group": "",
                            "primary_network_interface_id": "eni-00d103dab73b3ac57",
                            "private_dns": "ip-10-10-1-10.ap-northeast-2.compute.internal",
                            "private_ip": "10.10.1.10",
                            "public_dns": "",
                            "public_ip": "",
                            "root_block_device.#": "1",
                            "root_block_device.0.delete_on_termination": "true",
                            "root_block_device.0.encrypted": "false",
                            "root_block_device.0.iops": "100",
                            "root_block_device.0.kms_key_id": "",
                            "root_block_device.0.volume_id": "vol-07be4bc95aa9dbad1",
                            "root_block_device.0.volume_size": "8",
                            "root_block_device.0.volume_type": "gp2",
                            "security_groups.#": "0",
                            "source_dest_check": "true",
                            "subnet_id": "subnet-0e6bdf04ca7251768",
                            "tags.%": "1",
                            "tags.Name": "mh_dev_web",
                            "tenancy": "default",
                            "volume_tags.%": "0",
                            "vpc_security_group_ids.#": "1",
                            "vpc_security_group_ids.3006453491": "sg-0a70fb813ec40959c"
                        },
                        "meta": {
                            "e2bfb730-ecaa-11e6-8f88-34363bc7c4c0": {
                                "create": 600000000000,
                                "delete": 1200000000000,
                                "update": 600000000000
                            },
                            "schema_version": "1"
                        },
                        "tainted": false
                    },
                    "deposed": [],
                    "provider": "provider.aws"
                },
                "aws_internet_gateway.igw": {
                    "type": "aws_internet_gateway",
                    "depends_on": [
                        "aws_vpc.dev"
                    ],
                    "primary": {
                        "id": "igw-0ac3a4ffa7f53e87a",
                        "attributes": {
                            "id": "igw-0ac3a4ffa7f53e87a",
                            "owner_id": "270881836940",
                            "tags.%": "1",
                            "tags.Name": "dev-igw",
                            "vpc_id": "vpc-07ee17a7e45c527e7"
                        },
                        "meta": {},
                        "tainted": false
                    },
                    "deposed": [],
                    "provider": "provider.aws"
                },
                "aws_nat_gateway.natgt": {
                    "type": "aws_nat_gateway",
                    "depends_on": [
                        "aws_eip.eip_nat",
                        "aws_subnet.public01a"
                    ],
                    "primary": {
                        "id": "nat-0d4facabc1302576b",
                        "attributes": {
                            "allocation_id": "eipalloc-0970cfafba744c4d7",
                            "id": "nat-0d4facabc1302576b",
                            "network_interface_id": "eni-04c996431d2957475",
                            "private_ip": "10.10.0.23",
                            "public_ip": "13.209.214.249",
                            "subnet_id": "subnet-088bf65016a262131",
                            "tags.%": "1",
                            "tags.Name": "dev-nat"
                        },
                        "meta": {},
                        "tainted": false
                    },
                    "deposed": [],
                    "provider": "provider.aws"
                },
                "aws_network_interface.mh_DEV_Bastion_ENI": {
                    "type": "aws_network_interface",
                    "depends_on": [
                        "aws_security_group.mh_DEV_Bastion_SG",
                        "aws_subnet.public01a"
                    ],
                    "primary": {
                        "id": "eni-0a04671da5e91bc41",
                        "attributes": {
                            "attachment.#": "0",
                            "description": "",
                            "id": "eni-0a04671da5e91bc41",
                            "private_dns_name": "ip-10-10-0-10.ap-northeast-2.compute.internal",
                            "private_ip": "10.10.0.10",
                            "private_ips.#": "1",
                            "private_ips.4036341181": "10.10.0.10",
                            "private_ips_count": "0",
                            "security_groups.#": "1",
                            "security_groups.2080635156": "sg-00131c73882845d2c",
                            "source_dest_check": "true",
                            "subnet_id": "subnet-088bf65016a262131",
                            "tags.%": "1",
                            "tags.Name": "mh_DEV_Bastion_ENI"
                        },
                        "meta": {},
                        "tainted": false
                    },
                    "deposed": [],
                    "provider": "provider.aws"
                },
                "aws_network_interface.mh_DEV_WAS_ENI": {
                    "type": "aws_network_interface",
                    "depends_on": [
                        "aws_security_group.mh_DEV_WAS_SG",
                        "aws_subnet.privateWas01a"
                    ],
                    "primary": {
                        "id": "eni-0ae51cd6ff7289930",
                        "attributes": {
                            "attachment.#": "0",
                            "description": "",
                            "id": "eni-0ae51cd6ff7289930",
                            "private_dns_name": "ip-10-10-2-10.ap-northeast-2.compute.internal",
                            "private_ip": "10.10.2.10",
                            "private_ips.#": "1",
                            "private_ips.1520198966": "10.10.2.10",
                            "private_ips_count": "0",
                            "security_groups.#": "1",
                            "security_groups.2876417294": "sg-02979229eedf8edc9",
                            "source_dest_check": "true",
                            "subnet_id": "subnet-06d95ab369ac4fc4e",
                            "tags.%": "1",
                            "tags.Name": "mh_DEV_WAS_ENI"
                        },
                        "meta": {},
                        "tainted": false
                    },
                    "deposed": [],
                    "provider": "provider.aws"
                },
                "aws_network_interface.mh_DEV_WEB_ENI": {
                    "type": "aws_network_interface",
                    "depends_on": [
                        "aws_security_group.mh_DEV_WEB_SG",
                        "aws_subnet.privateWeb01a"
                    ],
                    "primary": {
                        "id": "eni-00d103dab73b3ac57",
                        "attributes": {
                            "attachment.#": "0",
                            "description": "",
                            "id": "eni-00d103dab73b3ac57",
                            "private_dns_name": "ip-10-10-1-10.ap-northeast-2.compute.internal",
                            "private_ip": "10.10.1.10",
                            "private_ips.#": "1",
                            "private_ips.1210698456": "10.10.1.10",
                            "private_ips_count": "0",
                            "security_groups.#": "1",
                            "security_groups.3006453491": "sg-0a70fb813ec40959c",
                            "source_dest_check": "true",
                            "subnet_id": "subnet-0e6bdf04ca7251768",
                            "tags.%": "1",
                            "tags.Name": "mh_DEV_WEB_ENI"
                        },
                        "meta": {},
                        "tainted": false
                    },
                    "deposed": [],
                    "provider": "provider.aws"
                },
                "aws_route_table.mh_dev_private": {
                    "type": "aws_route_table",
                    "depends_on": [
                        "aws_nat_gateway.natgt",
                        "aws_vpc.dev"
                    ],
                    "primary": {
                        "id": "rtb-09bdd206bfe993286",
                        "attributes": {
                            "id": "rtb-09bdd206bfe993286",
                            "owner_id": "270881836940",
                            "propagating_vgws.#": "0",
                            "route.#": "1",
                            "route.3197903126.cidr_block": "0.0.0.0/0",
                            "route.3197903126.egress_only_gateway_id": "",
                            "route.3197903126.gateway_id": "",
                            "route.3197903126.instance_id": "",
                            "route.3197903126.ipv6_cidr_block": "",
                            "route.3197903126.nat_gateway_id": "nat-0d4facabc1302576b",
                            "route.3197903126.network_interface_id": "",
                            "route.3197903126.transit_gateway_id": "",
                            "route.3197903126.vpc_peering_connection_id": "",
                            "tags.%": "1",
                            "tags.Name": "dev-pri-rt",
                            "vpc_id": "vpc-07ee17a7e45c527e7"
                        },
                        "meta": {},
                        "tainted": false
                    },
                    "deposed": [],
                    "provider": "provider.aws"
                },
                "aws_route_table.mh_dev_public": {
                    "type": "aws_route_table",
                    "depends_on": [
                        "aws_internet_gateway.igw",
                        "aws_vpc.dev"
                    ],
                    "primary": {
                        "id": "rtb-04cfdadaa4c6fa37b",
                        "attributes": {
                            "id": "rtb-04cfdadaa4c6fa37b",
                            "owner_id": "270881836940",
                            "propagating_vgws.#": "0",
                            "route.#": "1",
                            "route.123765531.cidr_block": "0.0.0.0/0",
                            "route.123765531.egress_only_gateway_id": "",
                            "route.123765531.gateway_id": "igw-0ac3a4ffa7f53e87a",
                            "route.123765531.instance_id": "",
                            "route.123765531.ipv6_cidr_block": "",
                            "route.123765531.nat_gateway_id": "",
                            "route.123765531.network_interface_id": "",
                            "route.123765531.transit_gateway_id": "",
                            "route.123765531.vpc_peering_connection_id": "",
                            "tags.%": "1",
                            "tags.Name": "dev-pub-rt",
                            "vpc_id": "vpc-07ee17a7e45c527e7"
                        },
                        "meta": {},
                        "tainted": false
                    },
                    "deposed": [],
                    "provider": "provider.aws"
                },
                "aws_route_table_association.mh_dev_private_was_1a": {
                    "type": "aws_route_table_association",
                    "depends_on": [
                        "aws_route_table.mh_dev_private",
                        "aws_subnet.privateWas01a"
                    ],
                    "primary": {
                        "id": "rtbassoc-059eb227d2993c3c4",
                        "attributes": {
                            "id": "rtbassoc-059eb227d2993c3c4",
                            "route_table_id": "rtb-09bdd206bfe993286",
                            "subnet_id": "subnet-06d95ab369ac4fc4e"
                        },
                        "meta": {},
                        "tainted": false
                    },
                    "deposed": [],
                    "provider": "provider.aws"
                },
                "aws_route_table_association.mh_dev_private_was_1c": {
                    "type": "aws_route_table_association",
                    "depends_on": [
                        "aws_route_table.mh_dev_private",
                        "aws_subnet.privateWas02c"
                    ],
                    "primary": {
                        "id": "rtbassoc-0f7d44bf1491e0541",
                        "attributes": {
                            "id": "rtbassoc-0f7d44bf1491e0541",
                            "route_table_id": "rtb-09bdd206bfe993286",
                            "subnet_id": "subnet-015939f9f0d8da55c"
                        },
                        "meta": {},
                        "tainted": false
                    },
                    "deposed": [],
                    "provider": "provider.aws"
                },
                "aws_route_table_association.mh_dev_private_web_1a": {
                    "type": "aws_route_table_association",
                    "depends_on": [
                        "aws_route_table.mh_dev_private",
                        "aws_subnet.privateWeb01a"
                    ],
                    "primary": {
                        "id": "rtbassoc-0efd373c9b5503cc8",
                        "attributes": {
                            "id": "rtbassoc-0efd373c9b5503cc8",
                            "route_table_id": "rtb-09bdd206bfe993286",
                            "subnet_id": "subnet-0e6bdf04ca7251768"
                        },
                        "meta": {},
                        "tainted": false
                    },
                    "deposed": [],
                    "provider": "provider.aws"
                },
                "aws_route_table_association.mh_dev_private_web_1c": {
                    "type": "aws_route_table_association",
                    "depends_on": [
                        "aws_route_table.mh_dev_private",
                        "aws_subnet.privateWeb02c"
                    ],
                    "primary": {
                        "id": "rtbassoc-0416933f606bcef09",
                        "attributes": {
                            "id": "rtbassoc-0416933f606bcef09",
                            "route_table_id": "rtb-09bdd206bfe993286",
                            "subnet_id": "subnet-071dabe9354458b25"
                        },
                        "meta": {},
                        "tainted": false
                    },
                    "deposed": [],
                    "provider": "provider.aws"
                },
                "aws_route_table_association.mh_dev_public_1a": {
                    "type": "aws_route_table_association",
                    "depends_on": [
                        "aws_route_table.mh_dev_public",
                        "aws_subnet.public01a"
                    ],
                    "primary": {
                        "id": "rtbassoc-0a51196589cca4019",
                        "attributes": {
                            "id": "rtbassoc-0a51196589cca4019",
                            "route_table_id": "rtb-04cfdadaa4c6fa37b",
                            "subnet_id": "subnet-088bf65016a262131"
                        },
                        "meta": {},
                        "tainted": false
                    },
                    "deposed": [],
                    "provider": "provider.aws"
                },
                "aws_route_table_association.mh_dev_public_1c": {
                    "type": "aws_route_table_association",
                    "depends_on": [
                        "aws_route_table.mh_dev_public",
                        "aws_subnet.public02c"
                    ],
                    "primary": {
                        "id": "rtbassoc-003d62cbc92cc73de",
                        "attributes": {
                            "id": "rtbassoc-003d62cbc92cc73de",
                            "route_table_id": "rtb-04cfdadaa4c6fa37b",
                            "subnet_id": "subnet-05c226700cb1c7525"
                        },
                        "meta": {},
                        "tainted": false
                    },
                    "deposed": [],
                    "provider": "provider.aws"
                },
                "aws_security_group.mh-DEV-WAS-ALB-SG": {
                    "type": "aws_security_group",
                    "depends_on": [
                        "aws_vpc.dev"
                    ],
                    "primary": {
                        "id": "sg-0122822335a6cbd4e",
                        "attributes": {
                            "arn": "arn:aws:ec2:ap-northeast-2:270881836940:security-group/sg-0122822335a6cbd4e",
                            "description": "mh-DEV-WAS-ALB-SG",
                            "egress.#": "1",
                            "egress.482069346.cidr_blocks.#": "1",
                            "egress.482069346.cidr_blocks.0": "0.0.0.0/0",
                            "egress.482069346.description": "",
                            "egress.482069346.from_port": "0",
                            "egress.482069346.ipv6_cidr_blocks.#": "0",
                            "egress.482069346.prefix_list_ids.#": "0",
                            "egress.482069346.protocol": "-1",
                            "egress.482069346.security_groups.#": "0",
                            "egress.482069346.self": "false",
                            "egress.482069346.to_port": "0",
                            "id": "sg-0122822335a6cbd4e",
                            "ingress.#": "2",
                            "ingress.1707753520.cidr_blocks.#": "1",
                            "ingress.1707753520.cidr_blocks.0": "0.0.0.0/0",
                            "ingress.1707753520.description": "Tomcat",
                            "ingress.1707753520.from_port": "8080",
                            "ingress.1707753520.ipv6_cidr_blocks.#": "0",
                            "ingress.1707753520.prefix_list_ids.#": "0",
                            "ingress.1707753520.protocol": "tcp",
                            "ingress.1707753520.security_groups.#": "0",
                            "ingress.1707753520.self": "false",
                            "ingress.1707753520.to_port": "8080",
                            "ingress.2177056117.cidr_blocks.#": "1",
                            "ingress.2177056117.cidr_blocks.0": "0.0.0.0/0",
                            "ingress.2177056117.description": "Tomcat",
                            "ingress.2177056117.from_port": "8009",
                            "ingress.2177056117.ipv6_cidr_blocks.#": "0",
                            "ingress.2177056117.prefix_list_ids.#": "0",
                            "ingress.2177056117.protocol": "tcp",
                            "ingress.2177056117.security_groups.#": "0",
                            "ingress.2177056117.self": "false",
                            "ingress.2177056117.to_port": "8009",
                            "name": "mh-DEV-WAS-ALB-SG",
                            "owner_id": "270881836940",
                            "revoke_rules_on_delete": "false",
                            "tags.%": "1",
                            "tags.Name": "mh-DEV-WAS-ALB-SG",
                            "vpc_id": "vpc-07ee17a7e45c527e7"
                        },
                        "meta": {
                            "e2bfb730-ecaa-11e6-8f88-34363bc7c4c0": {
                                "create": 600000000000,
                                "delete": 600000000000
                            },
                            "schema_version": "1"
                        },
                        "tainted": false
                    },
                    "deposed": [],
                    "provider": "provider.aws"
                },
                "aws_security_group.mh-DEV-WEB-ALB-SG": {
                    "type": "aws_security_group",
                    "depends_on": [
                        "aws_vpc.dev"
                    ],
                    "primary": {
                        "id": "sg-042eca3c1bb96d26e",
                        "attributes": {
                            "arn": "arn:aws:ec2:ap-northeast-2:270881836940:security-group/sg-042eca3c1bb96d26e",
                            "description": "mh-DEV-WEB-ALB-SG",
                            "egress.#": "1",
                            "egress.482069346.cidr_blocks.#": "1",
                            "egress.482069346.cidr_blocks.0": "0.0.0.0/0",
                            "egress.482069346.description": "",
                            "egress.482069346.from_port": "0",
                            "egress.482069346.ipv6_cidr_blocks.#": "0",
                            "egress.482069346.prefix_list_ids.#": "0",
                            "egress.482069346.protocol": "-1",
                            "egress.482069346.security_groups.#": "0",
                            "egress.482069346.self": "false",
                            "egress.482069346.to_port": "0",
                            "id": "sg-042eca3c1bb96d26e",
                            "ingress.#": "1",
                            "ingress.2776738622.cidr_blocks.#": "1",
                            "ingress.2776738622.cidr_blocks.0": "0.0.0.0/0",
                            "ingress.2776738622.description": "HTTP",
                            "ingress.2776738622.from_port": "80",
                            "ingress.2776738622.ipv6_cidr_blocks.#": "0",
                            "ingress.2776738622.prefix_list_ids.#": "0",
                            "ingress.2776738622.protocol": "tcp",
                            "ingress.2776738622.security_groups.#": "0",
                            "ingress.2776738622.self": "false",
                            "ingress.2776738622.to_port": "80",
                            "name": "mh-DEV-WEB-ALB-SG",
                            "owner_id": "270881836940",
                            "revoke_rules_on_delete": "false",
                            "tags.%": "1",
                            "tags.Name": "mh-DEV-WEB-ALB-SG",
                            "vpc_id": "vpc-07ee17a7e45c527e7"
                        },
                        "meta": {
                            "e2bfb730-ecaa-11e6-8f88-34363bc7c4c0": {
                                "create": 600000000000,
                                "delete": 600000000000
                            },
                            "schema_version": "1"
                        },
                        "tainted": false
                    },
                    "deposed": [],
                    "provider": "provider.aws"
                },
                "aws_security_group.mh_DEV_Bastion_SG": {
                    "type": "aws_security_group",
                    "depends_on": [
                        "aws_vpc.dev"
                    ],
                    "primary": {
                        "id": "sg-00131c73882845d2c",
                        "attributes": {
                            "arn": "arn:aws:ec2:ap-northeast-2:270881836940:security-group/sg-00131c73882845d2c",
                            "description": "mh_DEV_Bastion_SG",
                            "egress.#": "1",
                            "egress.482069346.cidr_blocks.#": "1",
                            "egress.482069346.cidr_blocks.0": "0.0.0.0/0",
                            "egress.482069346.description": "",
                            "egress.482069346.from_port": "0",
                            "egress.482069346.ipv6_cidr_blocks.#": "0",
                            "egress.482069346.prefix_list_ids.#": "0",
                            "egress.482069346.protocol": "-1",
                            "egress.482069346.security_groups.#": "0",
                            "egress.482069346.self": "false",
                            "egress.482069346.to_port": "0",
                            "id": "sg-00131c73882845d2c",
                            "ingress.#": "1",
                            "ingress.65255080.cidr_blocks.#": "1",
                            "ingress.65255080.cidr_blocks.0": "0.0.0.0/0",
                            "ingress.65255080.description": "Office",
                            "ingress.65255080.from_port": "22",
                            "ingress.65255080.ipv6_cidr_blocks.#": "0",
                            "ingress.65255080.prefix_list_ids.#": "0",
                            "ingress.65255080.protocol": "tcp",
                            "ingress.65255080.security_groups.#": "0",
                            "ingress.65255080.self": "false",
                            "ingress.65255080.to_port": "22",
                            "name": "mh_DEV_Bastion_SG",
                            "owner_id": "270881836940",
                            "revoke_rules_on_delete": "false",
                            "tags.%": "1",
                            "tags.Name": "mh_DEV_Bastion_SG",
                            "vpc_id": "vpc-07ee17a7e45c527e7"
                        },
                        "meta": {
                            "e2bfb730-ecaa-11e6-8f88-34363bc7c4c0": {
                                "create": 600000000000,
                                "delete": 600000000000
                            },
                            "schema_version": "1"
                        },
                        "tainted": false
                    },
                    "deposed": [],
                    "provider": "provider.aws"
                },
                "aws_security_group.mh_DEV_DATA_SG": {
                    "type": "aws_security_group",
                    "depends_on": [
                        "aws_vpc.dev"
                    ],
                    "primary": {
                        "id": "sg-0b81a119cb73d0874",
                        "attributes": {
                            "arn": "arn:aws:ec2:ap-northeast-2:270881836940:security-group/sg-0b81a119cb73d0874",
                            "description": "mh_DEV_DATA_SG",
                            "egress.#": "1",
                            "egress.482069346.cidr_blocks.#": "1",
                            "egress.482069346.cidr_blocks.0": "0.0.0.0/0",
                            "egress.482069346.description": "",
                            "egress.482069346.from_port": "0",
                            "egress.482069346.ipv6_cidr_blocks.#": "0",
                            "egress.482069346.prefix_list_ids.#": "0",
                            "egress.482069346.protocol": "-1",
                            "egress.482069346.security_groups.#": "0",
                            "egress.482069346.self": "false",
                            "egress.482069346.to_port": "0",
                            "id": "sg-0b81a119cb73d0874",
                            "ingress.#": "1",
                            "ingress.29315222.cidr_blocks.#": "1",
                            "ingress.29315222.cidr_blocks.0": "10.10.0.0/20",
                            "ingress.29315222.description": "Internal VPC",
                            "ingress.29315222.from_port": "3306",
                            "ingress.29315222.ipv6_cidr_blocks.#": "0",
                            "ingress.29315222.prefix_list_ids.#": "0",
                            "ingress.29315222.protocol": "tcp",
                            "ingress.29315222.security_groups.#": "0",
                            "ingress.29315222.self": "false",
                            "ingress.29315222.to_port": "3306",
                            "name": "mh_DEV_DATA_SG",
                            "owner_id": "270881836940",
                            "revoke_rules_on_delete": "false",
                            "tags.%": "1",
                            "tags.Name": "mh_DEV_DATA_SG",
                            "vpc_id": "vpc-07ee17a7e45c527e7"
                        },
                        "meta": {
                            "e2bfb730-ecaa-11e6-8f88-34363bc7c4c0": {
                                "create": 600000000000,
                                "delete": 600000000000
                            },
                            "schema_version": "1"
                        },
                        "tainted": false
                    },
                    "deposed": [],
                    "provider": "provider.aws"
                },
                "aws_security_group.mh_DEV_WAS_SG": {
                    "type": "aws_security_group",
                    "depends_on": [
                        "aws_vpc.dev"
                    ],
                    "primary": {
                        "id": "sg-02979229eedf8edc9",
                        "attributes": {
                            "arn": "arn:aws:ec2:ap-northeast-2:270881836940:security-group/sg-02979229eedf8edc9",
                            "description": "mh_DEV_WAS_SG",
                            "egress.#": "1",
                            "egress.482069346.cidr_blocks.#": "1",
                            "egress.482069346.cidr_blocks.0": "0.0.0.0/0",
                            "egress.482069346.description": "",
                            "egress.482069346.from_port": "0",
                            "egress.482069346.ipv6_cidr_blocks.#": "0",
                            "egress.482069346.prefix_list_ids.#": "0",
                            "egress.482069346.protocol": "-1",
                            "egress.482069346.security_groups.#": "0",
                            "egress.482069346.self": "false",
                            "egress.482069346.to_port": "0",
                            "id": "sg-02979229eedf8edc9",
                            "ingress.#": "2",
                            "ingress.2415825751.cidr_blocks.#": "1",
                            "ingress.2415825751.cidr_blocks.0": "10.10.0.0/20",
                            "ingress.2415825751.description": "Tomcat",
                            "ingress.2415825751.from_port": "8080",
                            "ingress.2415825751.ipv6_cidr_blocks.#": "0",
                            "ingress.2415825751.prefix_list_ids.#": "0",
                            "ingress.2415825751.protocol": "tcp",
                            "ingress.2415825751.security_groups.#": "0",
                            "ingress.2415825751.self": "false",
                            "ingress.2415825751.to_port": "8080",
                            "ingress.2739199029.cidr_blocks.#": "1",
                            "ingress.2739199029.cidr_blocks.0": "10.10.0.0/20",
                            "ingress.2739199029.description": "Internal VPC",
                            "ingress.2739199029.from_port": "22",
                            "ingress.2739199029.ipv6_cidr_blocks.#": "0",
                            "ingress.2739199029.prefix_list_ids.#": "0",
                            "ingress.2739199029.protocol": "tcp",
                            "ingress.2739199029.security_groups.#": "0",
                            "ingress.2739199029.self": "false",
                            "ingress.2739199029.to_port": "22",
                            "name": "mh_DEV_WAS_SG",
                            "owner_id": "270881836940",
                            "revoke_rules_on_delete": "false",
                            "tags.%": "1",
                            "tags.Name": "mh_DEV_WAS_SG",
                            "vpc_id": "vpc-07ee17a7e45c527e7"
                        },
                        "meta": {
                            "e2bfb730-ecaa-11e6-8f88-34363bc7c4c0": {
                                "create": 600000000000,
                                "delete": 600000000000
                            },
                            "schema_version": "1"
                        },
                        "tainted": false
                    },
                    "deposed": [],
                    "provider": "provider.aws"
                },
                "aws_security_group.mh_DEV_WEB_SG": {
                    "type": "aws_security_group",
                    "depends_on": [
                        "aws_vpc.dev"
                    ],
                    "primary": {
                        "id": "sg-0a70fb813ec40959c",
                        "attributes": {
                            "arn": "arn:aws:ec2:ap-northeast-2:270881836940:security-group/sg-0a70fb813ec40959c",
                            "description": "mh_DEV_WEB_SG",
                            "egress.#": "1",
                            "egress.482069346.cidr_blocks.#": "1",
                            "egress.482069346.cidr_blocks.0": "0.0.0.0/0",
                            "egress.482069346.description": "",
                            "egress.482069346.from_port": "0",
                            "egress.482069346.ipv6_cidr_blocks.#": "0",
                            "egress.482069346.prefix_list_ids.#": "0",
                            "egress.482069346.protocol": "-1",
                            "egress.482069346.security_groups.#": "0",
                            "egress.482069346.self": "false",
                            "egress.482069346.to_port": "0",
                            "id": "sg-0a70fb813ec40959c",
                            "ingress.#": "2",
                            "ingress.2739199029.cidr_blocks.#": "1",
                            "ingress.2739199029.cidr_blocks.0": "10.10.0.0/20",
                            "ingress.2739199029.description": "Internal VPC",
                            "ingress.2739199029.from_port": "22",
                            "ingress.2739199029.ipv6_cidr_blocks.#": "0",
                            "ingress.2739199029.prefix_list_ids.#": "0",
                            "ingress.2739199029.protocol": "tcp",
                            "ingress.2739199029.security_groups.#": "0",
                            "ingress.2739199029.self": "false",
                            "ingress.2739199029.to_port": "22",
                            "ingress.987397805.cidr_blocks.#": "1",
                            "ingress.987397805.cidr_blocks.0": "10.10.0.0/20",
                            "ingress.987397805.description": "HTTP",
                            "ingress.987397805.from_port": "80",
                            "ingress.987397805.ipv6_cidr_blocks.#": "0",
                            "ingress.987397805.prefix_list_ids.#": "0",
                            "ingress.987397805.protocol": "tcp",
                            "ingress.987397805.security_groups.#": "0",
                            "ingress.987397805.self": "false",
                            "ingress.987397805.to_port": "80",
                            "name": "mh_DEV_WEB_SG",
                            "owner_id": "270881836940",
                            "revoke_rules_on_delete": "false",
                            "tags.%": "1",
                            "tags.Name": "mh_DEV_WEB_SG",
                            "vpc_id": "vpc-07ee17a7e45c527e7"
                        },
                        "meta": {
                            "e2bfb730-ecaa-11e6-8f88-34363bc7c4c0": {
                                "create": 600000000000,
                                "delete": 600000000000
                            },
                            "schema_version": "1"
                        },
                        "tainted": false
                    },
                    "deposed": [],
                    "provider": "provider.aws"
                },
                "aws_subnet.data01a": {
                    "type": "aws_subnet",
                    "depends_on": [
                        "aws_vpc.dev"
                    ],
                    "primary": {
                        "id": "subnet-07d58d4f632db104a",
                        "attributes": {
                            "arn": "arn:aws:ec2:ap-northeast-2:270881836940:subnet/subnet-07d58d4f632db104a",
                            "assign_ipv6_address_on_creation": "false",
                            "availability_zone": "ap-northeast-2a",
                            "availability_zone_id": "apne2-az1",
                            "cidr_block": "10.10.3.0/24",
                            "id": "subnet-07d58d4f632db104a",
                            "ipv6_cidr_block": "",
                            "ipv6_cidr_block_association_id": "",
                            "map_public_ip_on_launch": "false",
                            "owner_id": "270881836940",
                            "tags.%": "1",
                            "tags.Name": "dev_data_a",
                            "vpc_id": "vpc-07ee17a7e45c527e7"
                        },
                        "meta": {
                            "e2bfb730-ecaa-11e6-8f88-34363bc7c4c0": {
                                "create": 600000000000,
                                "delete": 1200000000000
                            },
                            "schema_version": "1"
                        },
                        "tainted": false
                    },
                    "deposed": [],
                    "provider": "provider.aws"
                },
                "aws_subnet.data02c": {
                    "type": "aws_subnet",
                    "depends_on": [
                        "aws_vpc.dev"
                    ],
                    "primary": {
                        "id": "subnet-025e3f6b026ff0312",
                        "attributes": {
                            "arn": "arn:aws:ec2:ap-northeast-2:270881836940:subnet/subnet-025e3f6b026ff0312",
                            "assign_ipv6_address_on_creation": "false",
                            "availability_zone": "ap-northeast-2c",
                            "availability_zone_id": "apne2-az3",
                            "cidr_block": "10.10.7.0/24",
                            "id": "subnet-025e3f6b026ff0312",
                            "ipv6_cidr_block": "",
                            "ipv6_cidr_block_association_id": "",
                            "map_public_ip_on_launch": "false",
                            "owner_id": "270881836940",
                            "tags.%": "1",
                            "tags.Name": "dev_data_c",
                            "vpc_id": "vpc-07ee17a7e45c527e7"
                        },
                        "meta": {
                            "e2bfb730-ecaa-11e6-8f88-34363bc7c4c0": {
                                "create": 600000000000,
                                "delete": 1200000000000
                            },
                            "schema_version": "1"
                        },
                        "tainted": false
                    },
                    "deposed": [],
                    "provider": "provider.aws"
                },
                "aws_subnet.privateWas01a": {
                    "type": "aws_subnet",
                    "depends_on": [
                        "aws_vpc.dev"
                    ],
                    "primary": {
                        "id": "subnet-06d95ab369ac4fc4e",
                        "attributes": {
                            "arn": "arn:aws:ec2:ap-northeast-2:270881836940:subnet/subnet-06d95ab369ac4fc4e",
                            "assign_ipv6_address_on_creation": "false",
                            "availability_zone": "ap-northeast-2a",
                            "availability_zone_id": "apne2-az1",
                            "cidr_block": "10.10.2.0/24",
                            "id": "subnet-06d95ab369ac4fc4e",
                            "ipv6_cidr_block": "",
                            "ipv6_cidr_block_association_id": "",
                            "map_public_ip_on_launch": "false",
                            "owner_id": "270881836940",
                            "tags.%": "1",
                            "tags.Name": "dev_pri_was_a",
                            "vpc_id": "vpc-07ee17a7e45c527e7"
                        },
                        "meta": {
                            "e2bfb730-ecaa-11e6-8f88-34363bc7c4c0": {
                                "create": 600000000000,
                                "delete": 1200000000000
                            },
                            "schema_version": "1"
                        },
                        "tainted": false
                    },
                    "deposed": [],
                    "provider": "provider.aws"
                },
                "aws_subnet.privateWas02c": {
                    "type": "aws_subnet",
                    "depends_on": [
                        "aws_vpc.dev"
                    ],
                    "primary": {
                        "id": "subnet-015939f9f0d8da55c",
                        "attributes": {
                            "arn": "arn:aws:ec2:ap-northeast-2:270881836940:subnet/subnet-015939f9f0d8da55c",
                            "assign_ipv6_address_on_creation": "false",
                            "availability_zone": "ap-northeast-2c",
                            "availability_zone_id": "apne2-az3",
                            "cidr_block": "10.10.6.0/24",
                            "id": "subnet-015939f9f0d8da55c",
                            "ipv6_cidr_block": "",
                            "ipv6_cidr_block_association_id": "",
                            "map_public_ip_on_launch": "false",
                            "owner_id": "270881836940",
                            "tags.%": "1",
                            "tags.Name": "dev_pri_was_c",
                            "vpc_id": "vpc-07ee17a7e45c527e7"
                        },
                        "meta": {
                            "e2bfb730-ecaa-11e6-8f88-34363bc7c4c0": {
                                "create": 600000000000,
                                "delete": 1200000000000
                            },
                            "schema_version": "1"
                        },
                        "tainted": false
                    },
                    "deposed": [],
                    "provider": "provider.aws"
                },
                "aws_subnet.privateWeb01a": {
                    "type": "aws_subnet",
                    "depends_on": [
                        "aws_vpc.dev"
                    ],
                    "primary": {
                        "id": "subnet-0e6bdf04ca7251768",
                        "attributes": {
                            "arn": "arn:aws:ec2:ap-northeast-2:270881836940:subnet/subnet-0e6bdf04ca7251768",
                            "assign_ipv6_address_on_creation": "false",
                            "availability_zone": "ap-northeast-2a",
                            "availability_zone_id": "apne2-az1",
                            "cidr_block": "10.10.1.0/24",
                            "id": "subnet-0e6bdf04ca7251768",
                            "ipv6_cidr_block": "",
                            "ipv6_cidr_block_association_id": "",
                            "map_public_ip_on_launch": "false",
                            "owner_id": "270881836940",
                            "tags.%": "1",
                            "tags.Name": "dev_pri_web_a",
                            "vpc_id": "vpc-07ee17a7e45c527e7"
                        },
                        "meta": {
                            "e2bfb730-ecaa-11e6-8f88-34363bc7c4c0": {
                                "create": 600000000000,
                                "delete": 1200000000000
                            },
                            "schema_version": "1"
                        },
                        "tainted": false
                    },
                    "deposed": [],
                    "provider": "provider.aws"
                },
                "aws_subnet.privateWeb02c": {
                    "type": "aws_subnet",
                    "depends_on": [
                        "aws_vpc.dev"
                    ],
                    "primary": {
                        "id": "subnet-071dabe9354458b25",
                        "attributes": {
                            "arn": "arn:aws:ec2:ap-northeast-2:270881836940:subnet/subnet-071dabe9354458b25",
                            "assign_ipv6_address_on_creation": "false",
                            "availability_zone": "ap-northeast-2c",
                            "availability_zone_id": "apne2-az3",
                            "cidr_block": "10.10.5.0/24",
                            "id": "subnet-071dabe9354458b25",
                            "ipv6_cidr_block": "",
                            "ipv6_cidr_block_association_id": "",
                            "map_public_ip_on_launch": "false",
                            "owner_id": "270881836940",
                            "tags.%": "1",
                            "tags.Name": "dev_pri_web_c",
                            "vpc_id": "vpc-07ee17a7e45c527e7"
                        },
                        "meta": {
                            "e2bfb730-ecaa-11e6-8f88-34363bc7c4c0": {
                                "create": 600000000000,
                                "delete": 1200000000000
                            },
                            "schema_version": "1"
                        },
                        "tainted": false
                    },
                    "deposed": [],
                    "provider": "provider.aws"
                },
                "aws_subnet.public01a": {
                    "type": "aws_subnet",
                    "depends_on": [
                        "aws_vpc.dev"
                    ],
                    "primary": {
                        "id": "subnet-088bf65016a262131",
                        "attributes": {
                            "arn": "arn:aws:ec2:ap-northeast-2:270881836940:subnet/subnet-088bf65016a262131",
                            "assign_ipv6_address_on_creation": "false",
                            "availability_zone": "ap-northeast-2a",
                            "availability_zone_id": "apne2-az1",
                            "cidr_block": "10.10.0.0/24",
                            "id": "subnet-088bf65016a262131",
                            "ipv6_cidr_block": "",
                            "ipv6_cidr_block_association_id": "",
                            "map_public_ip_on_launch": "false",
                            "owner_id": "270881836940",
                            "tags.%": "1",
                            "tags.Name": "dev_pub_a",
                            "vpc_id": "vpc-07ee17a7e45c527e7"
                        },
                        "meta": {
                            "e2bfb730-ecaa-11e6-8f88-34363bc7c4c0": {
                                "create": 600000000000,
                                "delete": 1200000000000
                            },
                            "schema_version": "1"
                        },
                        "tainted": false
                    },
                    "deposed": [],
                    "provider": "provider.aws"
                },
                "aws_subnet.public02c": {
                    "type": "aws_subnet",
                    "depends_on": [
                        "aws_vpc.dev"
                    ],
                    "primary": {
                        "id": "subnet-05c226700cb1c7525",
                        "attributes": {
                            "arn": "arn:aws:ec2:ap-northeast-2:270881836940:subnet/subnet-05c226700cb1c7525",
                            "assign_ipv6_address_on_creation": "false",
                            "availability_zone": "ap-northeast-2c",
                            "availability_zone_id": "apne2-az3",
                            "cidr_block": "10.10.4.0/24",
                            "id": "subnet-05c226700cb1c7525",
                            "ipv6_cidr_block": "",
                            "ipv6_cidr_block_association_id": "",
                            "map_public_ip_on_launch": "false",
                            "owner_id": "270881836940",
                            "tags.%": "1",
                            "tags.Name": "dev_pub_c",
                            "vpc_id": "vpc-07ee17a7e45c527e7"
                        },
                        "meta": {
                            "e2bfb730-ecaa-11e6-8f88-34363bc7c4c0": {
                                "create": 600000000000,
                                "delete": 1200000000000
                            },
                            "schema_version": "1"
                        },
                        "tainted": false
                    },
                    "deposed": [],
                    "provider": "provider.aws"
                },
                "aws_vpc.dev": {
                    "type": "aws_vpc",
                    "depends_on": [],
                    "primary": {
                        "id": "vpc-07ee17a7e45c527e7",
                        "attributes": {
                            "arn": "arn:aws:ec2:ap-northeast-2:270881836940:vpc/vpc-07ee17a7e45c527e7",
                            "assign_generated_ipv6_cidr_block": "false",
                            "cidr_block": "10.10.0.0/20",
                            "default_network_acl_id": "acl-05d9f60f8c8df59e0",
                            "default_route_table_id": "rtb-0624070c1a7f1aa93",
                            "default_security_group_id": "sg-0d9b2cf32454081e6",
                            "dhcp_options_id": "dopt-49a37d22",
                            "enable_dns_hostnames": "true",
                            "enable_dns_support": "true",
                            "id": "vpc-07ee17a7e45c527e7",
                            "instance_tenancy": "default",
                            "ipv6_association_id": "",
                            "ipv6_cidr_block": "",
                            "main_route_table_id": "rtb-0624070c1a7f1aa93",
                            "owner_id": "270881836940",
                            "tags.%": "1",
                            "tags.Name": "dev-vpc"
                        },
                        "meta": {
                            "schema_version": "1"
                        },
                        "tainted": false
                    },
                    "deposed": [],
                    "provider": "provider.aws"
                }
            },
            "depends_on": []
        }
    ]
}
